
Microsoft Visual Studio Solution File, Format Version 12.00
# Visual Studio Version 17
VisualStudioVersion = 17.14.36121.58 d17.14
MinimumVisualStudioVersion = 10.0.40219.1
Project("{FAE04EC0-301F-11D3-BF4B-00C04F79EFBC}") = "JsonDisplay", "JsonDisplay.csproj", "{EA4F034D-1DAD-4376-8703-EBC8D3555518}"
EndProject
Global
	GlobalSection(SolutionConfigurationPlatforms) = preSolution
		Debug|Any CPU = Debug|Any CPU
		Release|Any CPU = Release|Any CPU
	EndGlobalSection
	GlobalSection(ProjectConfigurationPlatforms) = postSolution
		{EA4F034D-1DAD-4376-8703-EBC8D3555518}.Debug|Any CPU.ActiveCfg = Debug|Any CPU
		{EA4F034D-1DAD-4376-8703-EBC8D3555518}.Debug|Any CPU.Build.0 = Debug|Any CPU
		{EA4F034D-1DAD-4376-8703-EBC8D3555518}.Release|Any CPU.ActiveCfg = Release|Any CPU
		{EA4F034D-1DAD-4376-8703-EBC8D3555518}.Release|Any CPU.Build.0 = Release|Any CPU
	EndGlobalSection
	GlobalSection(SolutionProperties) = preSolution
		HideSolutionNode = FALSE
	EndGlobalSection
	GlobalSection(ExtensibilityGlobals) = postSolution
		SolutionGuid = {ADE9F8E7-2950-4A20-AA2C-DF946260B11B}
	EndGlobalSection
EndGlobal
